
Microsoft Visual Studio Solution File, Format Version 12.00
# Visual Studio Version 17
VisualStudioVersion = 17.0.31903.59
MinimumVisualStudioVersion = 10.0.40219.1
Project("{FAE04EC0-301F-11D3-BF4B-00C04F79EFBC}") = "ECommerceAPI.Domain", "ECommerceAPI.Domain\ECommerceAPI.Domain.csproj", "{637C1174-F2AC-45C2-A699-64EB2A4D579E}"
EndProject
Project("{FAE04EC0-301F-11D3-BF4B-00C04F79EFBC}") = "ECommerceAPI.Application", "ECommerceAPI.Application\ECommerceAPI.Application.csproj", "{2047AC7F-5186-4914-9378-9A6F6BE62D9B}"
EndProject
Project("{FAE04EC0-301F-11D3-BF4B-00C04F79EFBC}") = "ECommerceAPI.Infrastructure", "ECommerceAPI.Infrastructure\ECommerceAPI.Infrastructure.csproj", "{C8DD6356-F67C-46D0-9263-C403CFBF85B4}"
EndProject
Project("{FAE04EC0-301F-11D3-BF4B-00C04F79EFBC}") = "ECommerceAPI.Presentation", "ECommerceAPI.Presentation\ECommerceAPI.Presentation.csproj", "{BA0638BB-F46B-462D-AE88-F014C13EACCA}"
EndProject
Project("{FAE04EC0-301F-11D3-BF4B-00C04F79EFBC}") = "ECommerceAPI.Tests", "ECommerceAPI.Tests\ECommerceAPI.Tests.csproj", "{ABCD1622-9C1E-47D1-B60A-01345A9BBD92}"
EndProject
Global
	GlobalSection(SolutionConfigurationPlatforms) = preSolution
		Debug|Any CPU = Debug|Any CPU
		Debug|x64 = Debug|x64
		Debug|x86 = Debug|x86
		Release|Any CPU = Release|Any CPU
		Release|x64 = Release|x64
		Release|x86 = Release|x86
	EndGlobalSection
	GlobalSection(ProjectConfigurationPlatforms) = postSolution
		{637C1174-F2AC-45C2-A699-64EB2A4D579E}.Debug|Any CPU.ActiveCfg = Debug|Any CPU
		{637C1174-F2AC-45C2-A699-64EB2A4D579E}.Debug|Any CPU.Build.0 = Debug|Any CPU
		{637C1174-F2AC-45C2-A699-64EB2A4D579E}.Debug|x64.ActiveCfg = Debug|Any CPU
		{637C1174-F2AC-45C2-A699-64EB2A4D579E}.Debug|x64.Build.0 = Debug|Any CPU
		{637C1174-F2AC-45C2-A699-64EB2A4D579E}.Debug|x86.ActiveCfg = Debug|Any CPU
		{637C1174-F2AC-45C2-A699-64EB2A4D579E}.Debug|x86.Build.0 = Debug|Any CPU
		{637C1174-F2AC-45C2-A699-64EB2A4D579E}.Release|Any CPU.ActiveCfg = Release|Any CPU
		{637C1174-F2AC-45C2-A699-64EB2A4D579E}.Release|Any CPU.Build.0 = Release|Any CPU
		{637C1174-F2AC-45C2-A699-64EB2A4D579E}.Release|x64.ActiveCfg = Release|Any CPU
		{637C1174-F2AC-45C2-A699-64EB2A4D579E}.Release|x64.Build.0 = Release|Any CPU
		{637C1174-F2AC-45C2-A699-64EB2A4D579E}.Release|x86.ActiveCfg = Release|Any CPU
		{637C1174-F2AC-45C2-A699-64EB2A4D579E}.Release|x86.Build.0 = Release|Any CPU
		{2047AC7F-5186-4914-9378-9A6F6BE62D9B}.Debug|Any CPU.ActiveCfg = Debug|Any CPU
		{2047AC7F-5186-4914-9378-9A6F6BE62D9B}.Debug|Any CPU.Build.0 = Debug|Any CPU
		{2047AC7F-5186-4914-9378-9A6F6BE62D9B}.Debug|x64.ActiveCfg = Debug|Any CPU
		{2047AC7F-5186-4914-9378-9A6F6BE62D9B}.Debug|x64.Build.0 = Debug|Any CPU
		{2047AC7F-5186-4914-9378-9A6F6BE62D9B}.Debug|x86.ActiveCfg = Debug|Any CPU
		{2047AC7F-5186-4914-9378-9A6F6BE62D9B}.Debug|x86.Build.0 = Debug|Any CPU
		{2047AC7F-5186-4914-9378-9A6F6BE62D9B}.Release|Any CPU.ActiveCfg = Release|Any CPU
		{2047AC7F-5186-4914-9378-9A6F6BE62D9B}.Release|Any CPU.Build.0 = Release|Any CPU
		{2047AC7F-5186-4914-9378-9A6F6BE62D9B}.Release|x64.ActiveCfg = Release|Any CPU
		{2047AC7F-5186-4914-9378-9A6F6BE62D9B}.Release|x64.Build.0 = Release|Any CPU
		{2047AC7F-5186-4914-9378-9A6F6BE62D9B}.Release|x86.ActiveCfg = Release|Any CPU
		{2047AC7F-5186-4914-9378-9A6F6BE62D9B}.Release|x86.Build.0 = Release|Any CPU
		{C8DD6356-F67C-46D0-9263-C403CFBF85B4}.Debug|Any CPU.ActiveCfg = Debug|Any CPU
		{C8DD6356-F67C-46D0-9263-C403CFBF85B4}.Debug|Any CPU.Build.0 = Debug|Any CPU
		{C8DD6356-F67C-46D0-9263-C403CFBF85B4}.Debug|x64.ActiveCfg = Debug|Any CPU
		{C8DD6356-F67C-46D0-9263-C403CFBF85B4}.Debug|x64.Build.0 = Debug|Any CPU
		{C8DD6356-F67C-46D0-9263-C403CFBF85B4}.Debug|x86.ActiveCfg = Debug|Any CPU
		{C8DD6356-F67C-46D0-9263-C403CFBF85B4}.Debug|x86.Build.0 = Debug|Any CPU
		{C8DD6356-F67C-46D0-9263-C403CFBF85B4}.Release|Any CPU.ActiveCfg = Release|Any CPU
		{C8DD6356-F67C-46D0-9263-C403CFBF85B4}.Release|Any CPU.Build.0 = Release|Any CPU
		{C8DD6356-F67C-46D0-9263-C403CFBF85B4}.Release|x64.ActiveCfg = Release|Any CPU
		{C8DD6356-F67C-46D0-9263-C403CFBF85B4}.Release|x64.Build.0 = Release|Any CPU
		{C8DD6356-F67C-46D0-9263-C403CFBF85B4}.Release|x86.ActiveCfg = Release|Any CPU
		{C8DD6356-F67C-46D0-9263-C403CFBF85B4}.Release|x86.Build.0 = Release|Any CPU
		{BA0638BB-F46B-462D-AE88-F014C13EACCA}.Debug|Any CPU.ActiveCfg = Debug|Any CPU
		{BA0638BB-F46B-462D-AE88-F014C13EACCA}.Debug|Any CPU.Build.0 = Debug|Any CPU
		{BA0638BB-F46B-462D-AE88-F014C13EACCA}.Debug|x64.ActiveCfg = Debug|Any CPU
		{BA0638BB-F46B-462D-AE88-F014C13EACCA}.Debug|x64.Build.0 = Debug|Any CPU
		{BA0638BB-F46B-462D-AE88-F014C13EACCA}.Debug|x86.ActiveCfg = Debug|Any CPU
		{BA0638BB-F46B-462D-AE88-F014C13EACCA}.Debug|x86.Build.0 = Debug|Any CPU
		{BA0638BB-F46B-462D-AE88-F014C13EACCA}.Release|Any CPU.ActiveCfg = Release|Any CPU
		{BA0638BB-F46B-462D-AE88-F014C13EACCA}.Release|Any CPU.Build.0 = Release|Any CPU
		{BA0638BB-F46B-462D-AE88-F014C13EACCA}.Release|x64.ActiveCfg = Release|Any CPU
		{BA0638BB-F46B-462D-AE88-F014C13EACCA}.Release|x64.Build.0 = Release|Any CPU
		{BA0638BB-F46B-462D-AE88-F014C13EACCA}.Release|x86.ActiveCfg = Release|Any CPU
		{BA0638BB-F46B-462D-AE88-F014C13EACCA}.Release|x86.Build.0 = Release|Any CPU
		{ABCD1622-9C1E-47D1-B60A-01345A9BBD92}.Debug|Any CPU.ActiveCfg = Debug|Any CPU
		{ABCD1622-9C1E-47D1-B60A-01345A9BBD92}.Debug|Any CPU.Build.0 = Debug|Any CPU
		{ABCD1622-9C1E-47D1-B60A-01345A9BBD92}.Debug|x64.ActiveCfg = Debug|Any CPU
		{ABCD1622-9C1E-47D1-B60A-01345A9BBD92}.Debug|x64.Build.0 = Debug|Any CPU
		{ABCD1622-9C1E-47D1-B60A-01345A9BBD92}.Debug|x86.ActiveCfg = Debug|Any CPU
		{ABCD1622-9C1E-47D1-B60A-01345A9BBD92}.Debug|x86.Build.0 = Debug|Any CPU
		{ABCD1622-9C1E-47D1-B60A-01345A9BBD92}.Release|Any CPU.ActiveCfg = Release|Any CPU
		{ABCD1622-9C1E-47D1-B60A-01345A9BBD92}.Release|Any CPU.Build.0 = Release|Any CPU
		{ABCD1622-9C1E-47D1-B60A-01345A9BBD92}.Release|x64.ActiveCfg = Release|Any CPU
		{ABCD1622-9C1E-47D1-B60A-01345A9BBD92}.Release|x64.Build.0 = Release|Any CPU
		{ABCD1622-9C1E-47D1-B60A-01345A9BBD92}.Release|x86.ActiveCfg = Release|Any CPU
		{ABCD1622-9C1E-47D1-B60A-01345A9BBD92}.Release|x86.Build.0 = Release|Any CPU
	EndGlobalSection
	GlobalSection(SolutionProperties) = preSolution
		HideSolutionNode = FALSE
	EndGlobalSection
EndGlobal
